// !$*UTF8*$!
{
	archiveVersion = 1;
	classes = {
	};
	objectVersion = 50;
	objects = {

/* Begin PBXBuildFile section */
		5301DCB9218FE2860079AD7B /* LoginViewController.swift in Sources */ = {isa = PBXBuildFile; fileRef = 5301DCB8218FE2860079AD7B /* LoginViewController.swift */; };
		5301DCBB218FE44B0079AD7B /* MainViewController.swift in Sources */ = {isa = PBXBuildFile; fileRef = 5301DCBA218FE44B0079AD7B /* MainViewController.swift */; };
		5301DCBE218FE4CD0079AD7B /* ProfileViewController.swift in Sources */ = {isa = PBXBuildFile; fileRef = 5301DCBD218FE4CD0079AD7B /* ProfileViewController.swift */; };
		5301DCC0218FE4FD0079AD7B /* SearchViewController.swift in Sources */ = {isa = PBXBuildFile; fileRef = 5301DCBF218FE4FD0079AD7B /* SearchViewController.swift */; };
		5301DCC2218FE5180079AD7B /* ShareViewController.swift in Sources */ = {isa = PBXBuildFile; fileRef = 5301DCC1218FE5180079AD7B /* ShareViewController.swift */; };
		5301DCC8218FE5CA0079AD7B /* RegisterViewController.swift in Sources */ = {isa = PBXBuildFile; fileRef = 5301DCC7218FE5CA0079AD7B /* RegisterViewController.swift */; };
		5301DCCA218FE5D70079AD7B /* AboutViewController.swift in Sources */ = {isa = PBXBuildFile; fileRef = 5301DCC9218FE5D70079AD7B /* AboutViewController.swift */; };
		5301DCCC218FE84E0079AD7B /* Logo.png in Resources */ = {isa = PBXBuildFile; fileRef = 5301DCCB218FE84E0079AD7B /* Logo.png */; };
		5301DCDE218FF4FF0079AD7B /* Profile.png in Resources */ = {isa = PBXBuildFile; fileRef = 5301DCDB218FF4FE0079AD7B /* Profile.png */; };
		5301DCDF218FF4FF0079AD7B /* World.png in Resources */ = {isa = PBXBuildFile; fileRef = 5301DCDC218FF4FE0079AD7B /* World.png */; };
		5301DCE0218FF4FF0079AD7B /* Location.png in Resources */ = {isa = PBXBuildFile; fileRef = 5301DCDD218FF4FE0079AD7B /* Location.png */; };
		5301DCE2218FF51F0079AD7B /* Car.png in Resources */ = {isa = PBXBuildFile; fileRef = 5301DCE1218FF51F0079AD7B /* Car.png */; };
		5305B28821B4CB3400ED31EE /* SearchDirectionsTableViewController.swift in Sources */ = {isa = PBXBuildFile; fileRef = 5305B28721B4CB3400ED31EE /* SearchDirectionsTableViewController.swift */; };
		5305B28A21B4D15C00ED31EE /* SiteTableViewCell.swift in Sources */ = {isa = PBXBuildFile; fileRef = 5305B28921B4D15C00ED31EE /* SiteTableViewCell.swift */; };
		530A31BE21B5B731003C3C78 /* CreateRouteViewController.swift in Sources */ = {isa = PBXBuildFile; fileRef = 530A31BD21B5B731003C3C78 /* CreateRouteViewController.swift */; };
		530A31C021B63A63003C3C78 /* SearchDestinationViewController.swift in Sources */ = {isa = PBXBuildFile; fileRef = 530A31BF21B63A63003C3C78 /* SearchDestinationViewController.swift */; };
		530A31C421B659F3003C3C78 /* Art.png in Resources */ = {isa = PBXBuildFile; fileRef = 530A31C321B659F2003C3C78 /* Art.png */; };
		530A31C621B6CBC7003C3C78 /* City.png in Resources */ = {isa = PBXBuildFile; fileRef = 530A31C521B6CBC6003C3C78 /* City.png */; };
		530A31C821B6CDE4003C3C78 /* ScheduleViewController.swift in Sources */ = {isa = PBXBuildFile; fileRef = 530A31C721B6CDE4003C3C78 /* ScheduleViewController.swift */; };
		53C16A7A21B730FE00FCA4C6 /* UserModel.swift in Sources */ = {isa = PBXBuildFile; fileRef = 53C16A7921B730FE00FCA4C6 /* UserModel.swift */; };
		53C16A7D21B7471E00FCA4C6 /* ViajesPublicosTableViewController.swift in Sources */ = {isa = PBXBuildFile; fileRef = 53C16A7C21B7471E00FCA4C6 /* ViajesPublicosTableViewController.swift */; };
		53DCF795218EB2600097FA2C /* AppDelegate.swift in Sources */ = {isa = PBXBuildFile; fileRef = 53DCF794218EB2600097FA2C /* AppDelegate.swift */; };
		53DCF79A218EB2600097FA2C /* Main.storyboard in Resources */ = {isa = PBXBuildFile; fileRef = 53DCF798218EB2600097FA2C /* Main.storyboard */; };
		53DCF79C218EB2620097FA2C /* Assets.xcassets in Resources */ = {isa = PBXBuildFile; fileRef = 53DCF79B218EB2620097FA2C /* Assets.xcassets */; };
		53DCF79F218EB2620097FA2C /* LaunchScreen.storyboard in Resources */ = {isa = PBXBuildFile; fileRef = 53DCF79D218EB2620097FA2C /* LaunchScreen.storyboard */; };
		53DCF7AA218EB2620097FA2C /* AventonTests.swift in Sources */ = {isa = PBXBuildFile; fileRef = 53DCF7A9218EB2620097FA2C /* AventonTests.swift */; };
		53DCF7B5218EB2620097FA2C /* AventonUITests.swift in Sources */ = {isa = PBXBuildFile; fileRef = 53DCF7B4218EB2620097FA2C /* AventonUITests.swift */; };
/* End PBXBuildFile section */

/* Begin PBXContainerItemProxy section */
		53DCF7A6218EB2620097FA2C /* PBXContainerItemProxy */ = {
			isa = PBXContainerItemProxy;
			containerPortal = 53DCF789218EB2600097FA2C /* Project object */;
			proxyType = 1;
			remoteGlobalIDString = 53DCF790218EB2600097FA2C;
			remoteInfo = Aventon;
		};
		53DCF7B1218EB2620097FA2C /* PBXContainerItemProxy */ = {
			isa = PBXContainerItemProxy;
			containerPortal = 53DCF789218EB2600097FA2C /* Project object */;
			proxyType = 1;
			remoteGlobalIDString = 53DCF790218EB2600097FA2C;
			remoteInfo = Aventon;
		};
/* End PBXContainerItemProxy section */

/* Begin PBXFileReference section */
		5301DCB8218FE2860079AD7B /* LoginViewController.swift */ = {isa = PBXFileReference; lastKnownFileType = sourcecode.swift; path = LoginViewController.swift; sourceTree = "<group>"; };
		5301DCBA218FE44B0079AD7B /* MainViewController.swift */ = {isa = PBXFileReference; lastKnownFileType = sourcecode.swift; path = MainViewController.swift; sourceTree = "<group>"; };
		5301DCBD218FE4CD0079AD7B /* ProfileViewController.swift */ = {isa = PBXFileReference; lastKnownFileType = sourcecode.swift; path = ProfileViewController.swift; sourceTree = "<group>"; };
		5301DCBF218FE4FD0079AD7B /* SearchViewController.swift */ = {isa = PBXFileReference; lastKnownFileType = sourcecode.swift; path = SearchViewController.swift; sourceTree = "<group>"; };
		5301DCC1218FE5180079AD7B /* ShareViewController.swift */ = {isa = PBXFileReference; lastKnownFileType = sourcecode.swift; path = ShareViewController.swift; sourceTree = "<group>"; };
		5301DCC7218FE5CA0079AD7B /* RegisterViewController.swift */ = {isa = PBXFileReference; lastKnownFileType = sourcecode.swift; path = RegisterViewController.swift; sourceTree = "<group>"; };
		5301DCC9218FE5D70079AD7B /* AboutViewController.swift */ = {isa = PBXFileReference; lastKnownFileType = sourcecode.swift; path = AboutViewController.swift; sourceTree = "<group>"; };
		5301DCCB218FE84E0079AD7B /* Logo.png */ = {isa = PBXFileReference; lastKnownFileType = image.png; path = Logo.png; sourceTree = "<group>"; };
		5301DCDB218FF4FE0079AD7B /* Profile.png */ = {isa = PBXFileReference; lastKnownFileType = image.png; name = Profile.png; path = ../../Assets/Profile.png; sourceTree = "<group>"; };
		5301DCDC218FF4FE0079AD7B /* World.png */ = {isa = PBXFileReference; lastKnownFileType = image.png; path = World.png; sourceTree = "<group>"; };
		5301DCDD218FF4FE0079AD7B /* Location.png */ = {isa = PBXFileReference; lastKnownFileType = image.png; path = Location.png; sourceTree = "<group>"; };
		5301DCE1218FF51F0079AD7B /* Car.png */ = {isa = PBXFileReference; lastKnownFileType = image.png; path = Car.png; sourceTree = "<group>"; };
		5301DCE4218FF52B0079AD7B /* Profile.png */ = {isa = PBXFileReference; lastKnownFileType = image.png; path = Profile.png; sourceTree = "<group>"; };
		5305B28721B4CB3400ED31EE /* SearchDirectionsTableViewController.swift */ = {isa = PBXFileReference; lastKnownFileType = sourcecode.swift; path = SearchDirectionsTableViewController.swift; sourceTree = "<group>"; };
		5305B28921B4D15C00ED31EE /* SiteTableViewCell.swift */ = {isa = PBXFileReference; lastKnownFileType = sourcecode.swift; path = SiteTableViewCell.swift; sourceTree = "<group>"; };
		530A31BD21B5B731003C3C78 /* CreateRouteViewController.swift */ = {isa = PBXFileReference; lastKnownFileType = sourcecode.swift; path = CreateRouteViewController.swift; sourceTree = "<group>"; };
		530A31BF21B63A63003C3C78 /* SearchDestinationViewController.swift */ = {isa = PBXFileReference; lastKnownFileType = sourcecode.swift; path = SearchDestinationViewController.swift; sourceTree = "<group>"; };
		530A31C321B659F2003C3C78 /* Art.png */ = {isa = PBXFileReference; lastKnownFileType = image.png; path = Art.png; sourceTree = "<group>"; };
		530A31C521B6CBC6003C3C78 /* City.png */ = {isa = PBXFileReference; lastKnownFileType = image.png; path = City.png; sourceTree = "<group>"; };
		530A31C721B6CDE4003C3C78 /* ScheduleViewController.swift */ = {isa = PBXFileReference; lastKnownFileType = sourcecode.swift; path = ScheduleViewController.swift; sourceTree = "<group>"; };
		53C16A7921B730FE00FCA4C6 /* UserModel.swift */ = {isa = PBXFileReference; lastKnownFileType = sourcecode.swift; path = UserModel.swift; sourceTree = "<group>"; };
		53C16A7C21B7471E00FCA4C6 /* ViajesPublicosTableViewController.swift */ = {isa = PBXFileReference; lastKnownFileType = sourcecode.swift; path = ViajesPublicosTableViewController.swift; sourceTree = "<group>"; };
		53DCF791218EB2600097FA2C /* Aventon.app */ = {isa = PBXFileReference; explicitFileType = wrapper.application; includeInIndex = 0; path = Aventon.app; sourceTree = BUILT_PRODUCTS_DIR; };
		53DCF794218EB2600097FA2C /* AppDelegate.swift */ = {isa = PBXFileReference; lastKnownFileType = sourcecode.swift; path = AppDelegate.swift; sourceTree = "<group>"; };
		53DCF799218EB2600097FA2C /* Base */ = {isa = PBXFileReference; lastKnownFileType = file.storyboard; name = Base; path = Base.lproj/Main.storyboard; sourceTree = "<group>"; };
		53DCF79B218EB2620097FA2C /* Assets.xcassets */ = {isa = PBXFileReference; lastKnownFileType = folder.assetcatalog; path = Assets.xcassets; sourceTree = "<group>"; };
		53DCF79E218EB2620097FA2C /* Base */ = {isa = PBXFileReference; lastKnownFileType = file.storyboard; name = Base; path = Base.lproj/LaunchScreen.storyboard; sourceTree = "<group>"; };
		53DCF7A0218EB2620097FA2C /* Info.plist */ = {isa = PBXFileReference; lastKnownFileType = text.plist.xml; path = Info.plist; sourceTree = "<group>"; };
		53DCF7A5218EB2620097FA2C /* AventonTests.xctest */ = {isa = PBXFileReference; explicitFileType = wrapper.cfbundle; includeInIndex = 0; path = AventonTests.xctest; sourceTree = BUILT_PRODUCTS_DIR; };
		53DCF7A9218EB2620097FA2C /* AventonTests.swift */ = {isa = PBXFileReference; lastKnownFileType = sourcecode.swift; path = AventonTests.swift; sourceTree = "<group>"; };
		53DCF7AB218EB2620097FA2C /* Info.plist */ = {isa = PBXFileReference; lastKnownFileType = text.plist.xml; path = Info.plist; sourceTree = "<group>"; };
		53DCF7B0218EB2620097FA2C /* AventonUITests.xctest */ = {isa = PBXFileReference; explicitFileType = wrapper.cfbundle; includeInIndex = 0; path = AventonUITests.xctest; sourceTree = BUILT_PRODUCTS_DIR; };
		53DCF7B4218EB2620097FA2C /* AventonUITests.swift */ = {isa = PBXFileReference; lastKnownFileType = sourcecode.swift; path = AventonUITests.swift; sourceTree = "<group>"; };
		53DCF7B6218EB2620097FA2C /* Info.plist */ = {isa = PBXFileReference; lastKnownFileType = text.plist.xml; path = Info.plist; sourceTree = "<group>"; };
/* End PBXFileReference section */

/* Begin PBXFrameworksBuildPhase section */
		53DCF78E218EB2600097FA2C /* Frameworks */ = {
			isa = PBXFrameworksBuildPhase;
			buildActionMask = 2147483647;
			files = (
			);
			runOnlyForDeploymentPostprocessing = 0;
		};
		53DCF7A2218EB2620097FA2C /* Frameworks */ = {
			isa = PBXFrameworksBuildPhase;
			buildActionMask = 2147483647;
			files = (
			);
			runOnlyForDeploymentPostprocessing = 0;
		};
		53DCF7AD218EB2620097FA2C /* Frameworks */ = {
			isa = PBXFrameworksBuildPhase;
			buildActionMask = 2147483647;
			files = (
			);
			runOnlyForDeploymentPostprocessing = 0;
		};
/* End PBXFrameworksBuildPhase section */

/* Begin PBXGroup section */
		5301DCBC218FE47A0079AD7B /* ViewControllers */ = {
			isa = PBXGroup;
			children = (
				5301DCC9218FE5D70079AD7B /* AboutViewController.swift */,
				53C16A7C21B7471E00FCA4C6 /* ViajesPublicosTableViewController.swift */,
				530A31CA21B6DBF5003C3C78 /* CreateRoute */,
				5301DCB8218FE2860079AD7B /* LoginViewController.swift */,
				5301DCBA218FE44B0079AD7B /* MainViewController.swift */,
				5301DCBD218FE4CD0079AD7B /* ProfileViewController.swift */,
				5301DCC7218FE5CA0079AD7B /* RegisterViewController.swift */,
				530A31C921B6DBD4003C3C78 /* SearchDirections */,
				5301DCC1218FE5180079AD7B /* ShareViewController.swift */,
			);
			path = ViewControllers;
			sourceTree = "<group>";
		};
		5301DCE3218FF5290079AD7B /* BottomBarIcons */ = {
			isa = PBXGroup;
			children = (
				5301DCDD218FF4FE0079AD7B /* Location.png */,
				5301DCE4218FF52B0079AD7B /* Profile.png */,
				5301DCDC218FF4FE0079AD7B /* World.png */,
				5301DCE1218FF51F0079AD7B /* Car.png */,
			);
			path = BottomBarIcons;
			sourceTree = "<group>";
		};
		530A31C921B6DBD4003C3C78 /* SearchDirections */ = {
			isa = PBXGroup;
			children = (
				5305B28921B4D15C00ED31EE /* SiteTableViewCell.swift */,
				5305B28721B4CB3400ED31EE /* SearchDirectionsTableViewController.swift */,
			);
			path = SearchDirections;
			sourceTree = "<group>";
		};
		530A31CA21B6DBF5003C3C78 /* CreateRoute */ = {
			isa = PBXGroup;
			children = (
				530A31BF21B63A63003C3C78 /* SearchDestinationViewController.swift */,
				530A31BD21B5B731003C3C78 /* CreateRouteViewController.swift */,
				530A31C721B6CDE4003C3C78 /* ScheduleViewController.swift */,
				5301DCBF218FE4FD0079AD7B /* SearchViewController.swift */,
			);
			path = CreateRoute;
			sourceTree = "<group>";
		};
		53C16A7B21B7310300FCA4C6 /* Models */ = {
			isa = PBXGroup;
			children = (
				53C16A7921B730FE00FCA4C6 /* UserModel.swift */,
			);
			path = Models;
			sourceTree = "<group>";
		};
		53DCF788218EB2600097FA2C = {
			isa = PBXGroup;
			children = (
				53DCF793218EB2600097FA2C /* Aventon */,
				53DCF7A8218EB2620097FA2C /* AventonTests */,
				53DCF7B3218EB2620097FA2C /* AventonUITests */,
				53DCF792218EB2600097FA2C /* Products */,
			);
			sourceTree = "<group>";
		};
		53DCF792218EB2600097FA2C /* Products */ = {
			isa = PBXGroup;
			children = (
				53DCF791218EB2600097FA2C /* Aventon.app */,
				53DCF7A5218EB2620097FA2C /* AventonTests.xctest */,
				53DCF7B0218EB2620097FA2C /* AventonUITests.xctest */,
			);
			name = Products;
			sourceTree = "<group>";
		};
		53DCF793218EB2600097FA2C /* Aventon */ = {
			isa = PBXGroup;
			children = (
				53DCF794218EB2600097FA2C /* AppDelegate.swift */,
				5301DCBC218FE47A0079AD7B /* ViewControllers */,
				53DCF798218EB2600097FA2C /* Main.storyboard */,
				53C16A7B21B7310300FCA4C6 /* Models */,
				53DCF79B218EB2620097FA2C /* Assets.xcassets */,
				5301DCCB218FE84E0079AD7B /* Logo.png */,
				53DCF79D218EB2620097FA2C /* LaunchScreen.storyboard */,
				53DCF7A0218EB2620097FA2C /* Info.plist */,
				530A31C321B659F2003C3C78 /* Art.png */,
				530A31C521B6CBC6003C3C78 /* City.png */,
				5301DCE3218FF5290079AD7B /* BottomBarIcons */,
				5301DCDB218FF4FE0079AD7B /* Profile.png */,
			);
			path = Aventon;
			sourceTree = "<group>";
		};
		53DCF7A8218EB2620097FA2C /* AventonTests */ = {
			isa = PBXGroup;
			children = (
				53DCF7A9218EB2620097FA2C /* AventonTests.swift */,
				53DCF7AB218EB2620097FA2C /* Info.plist */,
			);
			path = AventonTests;
			sourceTree = "<group>";
		};
		53DCF7B3218EB2620097FA2C /* AventonUITests */ = {
			isa = PBXGroup;
			children = (
				53DCF7B4218EB2620097FA2C /* AventonUITests.swift */,
				53DCF7B6218EB2620097FA2C /* Info.plist */,
			);
			path = AventonUITests;
			sourceTree = "<group>";
		};
/* End PBXGroup section */

/* Begin PBXNativeTarget section */
		53DCF790218EB2600097FA2C /* Aventon */ = {
			isa = PBXNativeTarget;
			buildConfigurationList = 53DCF7B9218EB2620097FA2C /* Build configuration list for PBXNativeTarget "Aventon" */;
			buildPhases = (
				53DCF78D218EB2600097FA2C /* Sources */,
				53DCF78E218EB2600097FA2C /* Frameworks */,
				53DCF78F218EB2600097FA2C /* Resources */,
			);
			buildRules = (
			);
			dependencies = (
			);
			name = Aventon;
			productName = Aventon;
			productReference = 53DCF791218EB2600097FA2C /* Aventon.app */;
			productType = "com.apple.product-type.application";
		};
		53DCF7A4218EB2620097FA2C /* AventonTests */ = {
			isa = PBXNativeTarget;
			buildConfigurationList = 53DCF7BC218EB2620097FA2C /* Build configuration list for PBXNativeTarget "AventonTests" */;
			buildPhases = (
				53DCF7A1218EB2620097FA2C /* Sources */,
				53DCF7A2218EB2620097FA2C /* Frameworks */,
				53DCF7A3218EB2620097FA2C /* Resources */,
			);
			buildRules = (
			);
			dependencies = (
				53DCF7A7218EB2620097FA2C /* PBXTargetDependency */,
			);
			name = AventonTests;
			productName = AventonTests;
			productReference = 53DCF7A5218EB2620097FA2C /* AventonTests.xctest */;
			productType = "com.apple.product-type.bundle.unit-test";
		};
		53DCF7AF218EB2620097FA2C /* AventonUITests */ = {
			isa = PBXNativeTarget;
			buildConfigurationList = 53DCF7BF218EB2620097FA2C /* Build configuration list for PBXNativeTarget "AventonUITests" */;
			buildPhases = (
				53DCF7AC218EB2620097FA2C /* Sources */,
				53DCF7AD218EB2620097FA2C /* Frameworks */,
				53DCF7AE218EB2620097FA2C /* Resources */,
			);
			buildRules = (
			);
			dependencies = (
				53DCF7B2218EB2620097FA2C /* PBXTargetDependency */,
			);
			name = AventonUITests;
			productName = AventonUITests;
			productReference = 53DCF7B0218EB2620097FA2C /* AventonUITests.xctest */;
			productType = "com.apple.product-type.bundle.ui-testing";
		};
/* End PBXNativeTarget section */

/* Begin PBXProject section */
		53DCF789218EB2600097FA2C /* Project object */ = {
			isa = PBXProject;
			attributes = {
				LastSwiftUpdateCheck = 0940;
				LastUpgradeCheck = 0940;
				ORGANIZATIONNAME = "Dante Bazaldua";
				TargetAttributes = {
					53DCF790218EB2600097FA2C = {
						CreatedOnToolsVersion = 9.4;
					};
					53DCF7A4218EB2620097FA2C = {
						CreatedOnToolsVersion = 9.4;
						TestTargetID = 53DCF790218EB2600097FA2C;
					};
					53DCF7AF218EB2620097FA2C = {
						CreatedOnToolsVersion = 9.4;
						TestTargetID = 53DCF790218EB2600097FA2C;
					};
				};
			};
			buildConfigurationList = 53DCF78C218EB2600097FA2C /* Build configuration list for PBXProject "Aventon" */;
			compatibilityVersion = "Xcode 9.3";
			developmentRegion = en;
			hasScannedForEncodings = 0;
			knownRegions = (
				en,
				Base,
			);
			mainGroup = 53DCF788218EB2600097FA2C;
			productRefGroup = 53DCF792218EB2600097FA2C /* Products */;
			projectDirPath = "";
			projectRoot = "";
			targets = (
				53DCF790218EB2600097FA2C /* Aventon */,
				53DCF7A4218EB2620097FA2C /* AventonTests */,
				53DCF7AF218EB2620097FA2C /* AventonUITests */,
			);
		};
/* End PBXProject section */

/* Begin PBXResourcesBuildPhase section */
		53DCF78F218EB2600097FA2C /* Resources */ = {
			isa = PBXResourcesBuildPhase;
			buildActionMask = 2147483647;
			files = (
				530A31C421B659F3003C3C78 /* Art.png in Resources */,
				5301DCE2218FF51F0079AD7B /* Car.png in Resources */,
				530A31C621B6CBC7003C3C78 /* City.png in Resources */,
				5301DCE0218FF4FF0079AD7B /* Location.png in Resources */,
				5301DCCC218FE84E0079AD7B /* Logo.png in Resources */,
				5301DCDE218FF4FF0079AD7B /* Profile.png in Resources */,
				53DCF79F218EB2620097FA2C /* LaunchScreen.storyboard in Resources */,
				53DCF79C218EB2620097FA2C /* Assets.xcassets in Resources */,
				5301DCDF218FF4FF0079AD7B /* World.png in Resources */,
				53DCF79A218EB2600097FA2C /* Main.storyboard in Resources */,
			);
			runOnlyForDeploymentPostprocessing = 0;
		};
		53DCF7A3218EB2620097FA2C /* Resources */ = {
			isa = PBXResourcesBuildPhase;
			buildActionMask = 2147483647;
			files = (
			);
			runOnlyForDeploymentPostprocessing = 0;
		};
		53DCF7AE218EB2620097FA2C /* Resources */ = {
			isa = PBXResourcesBuildPhase;
			buildActionMask = 2147483647;
			files = (
			);
			runOnlyForDeploymentPostprocessing = 0;
		};
/* End PBXResourcesBuildPhase section */

/* Begin PBXSourcesBuildPhase section */
		53DCF78D218EB2600097FA2C /* Sources */ = {
			isa = PBXSourcesBuildPhase;
			buildActionMask = 2147483647;
			files = (
				530A31C021B63A63003C3C78 /* SearchDestinationViewController.swift in Sources */,
				5301DCC2218FE5180079AD7B /* ShareViewController.swift in Sources */,
				5305B28A21B4D15C00ED31EE /* SiteTableViewCell.swift in Sources */,
				5301DCC0218FE4FD0079AD7B /* SearchViewController.swift in Sources */,
				5301DCBB218FE44B0079AD7B /* MainViewController.swift in Sources */,
				530A31C821B6CDE4003C3C78 /* ScheduleViewController.swift in Sources */,
				5305B28821B4CB3400ED31EE /* SearchDirectionsTableViewController.swift in Sources */,
				5301DCCA218FE5D70079AD7B /* AboutViewController.swift in Sources */,
				53C16A7D21B7471E00FCA4C6 /* ViajesPublicosTableViewController.swift in Sources */,
				5301DCC8218FE5CA0079AD7B /* RegisterViewController.swift in Sources */,
				5301DCB9218FE2860079AD7B /* LoginViewController.swift in Sources */,
				530A31BE21B5B731003C3C78 /* CreateRouteViewController.swift in Sources */,
				5301DCBE218FE4CD0079AD7B /* ProfileViewController.swift in Sources */,
				53DCF795218EB2600097FA2C /* AppDelegate.swift in Sources */,
				53C16A7A21B730FE00FCA4C6 /* UserModel.swift in Sources */,
			);
			runOnlyForDeploymentPostprocessing = 0;
		};
		53DCF7A1218EB2620097FA2C /* Sources */ = {
			isa = PBXSourcesBuildPhase;
			buildActionMask = 2147483647;
			files = (
				53DCF7AA218EB2620097FA2C /* AventonTests.swift in Sources */,
			);
			runOnlyForDeploymentPostprocessing = 0;
		};
		53DCF7AC218EB2620097FA2C /* Sources */ = {
			isa = PBXSourcesBuildPhase;
			buildActionMask = 2147483647;
			files = (
				53DCF7B5218EB2620097FA2C /* AventonUITests.swift in Sources */,
			);
			runOnlyForDeploymentPostprocessing = 0;
		};
/* End PBXSourcesBuildPhase section */

/* Begin PBXTargetDependency section */
		53DCF7A7218EB2620097FA2C /* PBXTargetDependency */ = {
			isa = PBXTargetDependency;
			target = 53DCF790218EB2600097FA2C /* Aventon */;
			targetProxy = 53DCF7A6218EB2620097FA2C /* PBXContainerItemProxy */;
		};
		53DCF7B2218EB2620097FA2C /* PBXTargetDependency */ = {
			isa = PBXTargetDependency;
			target = 53DCF790218EB2600097FA2C /* Aventon */;
			targetProxy = 53DCF7B1218EB2620097FA2C /* PBXContainerItemProxy */;
		};
/* End PBXTargetDependency section */

/* Begin PBXVariantGroup section */
		53DCF798218EB2600097FA2C /* Main.storyboard */ = {
			isa = PBXVariantGroup;
			children = (
				53DCF799218EB2600097FA2C /* Base */,
			);
			name = Main.storyboard;
			sourceTree = "<group>";
		};
		53DCF79D218EB2620097FA2C /* LaunchScreen.storyboard */ = {
			isa = PBXVariantGroup;
			children = (
				53DCF79E218EB2620097FA2C /* Base */,
			);
			name = LaunchScreen.storyboard;
			sourceTree = "<group>";
		};
/* End PBXVariantGroup section */

/* Begin XCBuildConfiguration section */
		53DCF7B7218EB2620097FA2C /* Debug */ = {
			isa = XCBuildConfiguration;
			buildSettings = {
				ALWAYS_SEARCH_USER_PATHS = NO;
				CLANG_ANALYZER_NONNULL = YES;
				CLANG_ANALYZER_NUMBER_OBJECT_CONVERSION = YES_AGGRESSIVE;
				CLANG_CXX_LANGUAGE_STANDARD = "gnu++14";
				CLANG_CXX_LIBRARY = "libc++";
				CLANG_ENABLE_MODULES = YES;
				CLANG_ENABLE_OBJC_ARC = YES;
				CLANG_ENABLE_OBJC_WEAK = YES;
				CLANG_WARN_BLOCK_CAPTURE_AUTORELEASING = YES;
				CLANG_WARN_BOOL_CONVERSION = YES;
				CLANG_WARN_COMMA = YES;
				CLANG_WARN_CONSTANT_CONVERSION = YES;
				CLANG_WARN_DEPRECATED_OBJC_IMPLEMENTATIONS = YES;
				CLANG_WARN_DIRECT_OBJC_ISA_USAGE = YES_ERROR;
				CLANG_WARN_DOCUMENTATION_COMMENTS = YES;
				CLANG_WARN_EMPTY_BODY = YES;
				CLANG_WARN_ENUM_CONVERSION = YES;
				CLANG_WARN_INFINITE_RECURSION = YES;
				CLANG_WARN_INT_CONVERSION = YES;
				CLANG_WARN_NON_LITERAL_NULL_CONVERSION = YES;
				CLANG_WARN_OBJC_IMPLICIT_RETAIN_SELF = YES;
				CLANG_WARN_OBJC_LITERAL_CONVERSION = YES;
				CLANG_WARN_OBJC_ROOT_CLASS = YES_ERROR;
				CLANG_WARN_RANGE_LOOP_ANALYSIS = YES;
				CLANG_WARN_STRICT_PROTOTYPES = YES;
				CLANG_WARN_SUSPICIOUS_MOVE = YES;
				CLANG_WARN_UNGUARDED_AVAILABILITY = YES_AGGRESSIVE;
				CLANG_WARN_UNREACHABLE_CODE = YES;
				CLANG_WARN__DUPLICATE_METHOD_MATCH = YES;
				CODE_SIGN_IDENTITY = "iPhone Developer";
				COPY_PHASE_STRIP = NO;
				DEBUG_INFORMATION_FORMAT = dwarf;
				ENABLE_STRICT_OBJC_MSGSEND = YES;
				ENABLE_TESTABILITY = YES;
				GCC_C_LANGUAGE_STANDARD = gnu11;
				GCC_DYNAMIC_NO_PIC = NO;
				GCC_NO_COMMON_BLOCKS = YES;
				GCC_OPTIMIZATION_LEVEL = 0;
				GCC_PREPROCESSOR_DEFINITIONS = (
					"DEBUG=1",
					"$(inherited)",
				);
				GCC_WARN_64_TO_32_BIT_CONVERSION = YES;
				GCC_WARN_ABOUT_RETURN_TYPE = YES_ERROR;
				GCC_WARN_UNDECLARED_SELECTOR = YES;
				GCC_WARN_UNINITIALIZED_AUTOS = YES_AGGRESSIVE;
				GCC_WARN_UNUSED_FUNCTION = YES;
				GCC_WARN_UNUSED_VARIABLE = YES;
				IPHONEOS_DEPLOYMENT_TARGET = 11.0;
				MTL_ENABLE_DEBUG_INFO = YES;
				ONLY_ACTIVE_ARCH = YES;
				SDKROOT = iphoneos;
				SWIFT_ACTIVE_COMPILATION_CONDITIONS = DEBUG;
				SWIFT_OPTIMIZATION_LEVEL = "-Onone";
			};
			name = Debug;
		};
		53DCF7B8218EB2620097FA2C /* Release */ = {
			isa = XCBuildConfiguration;
			buildSettings = {
				ALWAYS_SEARCH_USER_PATHS = NO;
				CLANG_ANALYZER_NONNULL = YES;
				CLANG_ANALYZER_NUMBER_OBJECT_CONVERSION = YES_AGGRESSIVE;
				CLANG_CXX_LANGUAGE_STANDARD = "gnu++14";
				CLANG_CXX_LIBRARY = "libc++";
				CLANG_ENABLE_MODULES = YES;
				CLANG_ENABLE_OBJC_ARC = YES;
				CLANG_ENABLE_OBJC_WEAK = YES;
				CLANG_WARN_BLOCK_CAPTURE_AUTORELEASING = YES;
				CLANG_WARN_BOOL_CONVERSION = YES;
				CLANG_WARN_COMMA = YES;
				CLANG_WARN_CONSTANT_CONVERSION = YES;
				CLANG_WARN_DEPRECATED_OBJC_IMPLEMENTATIONS = YES;
				CLANG_WARN_DIRECT_OBJC_ISA_USAGE = YES_ERROR;
				CLANG_WARN_DOCUMENTATION_COMMENTS = YES;
				CLANG_WARN_EMPTY_BODY = YES;
				CLANG_WARN_ENUM_CONVERSION = YES;
				CLANG_WARN_INFINITE_RECURSION = YES;
				CLANG_WARN_INT_CONVERSION = YES;
				CLANG_WARN_NON_LITERAL_NULL_CONVERSION = YES;
				CLANG_WARN_OBJC_IMPLICIT_RETAIN_SELF = YES;
				CLANG_WARN_OBJC_LITERAL_CONVERSION = YES;
				CLANG_WARN_OBJC_ROOT_CLASS = YES_ERROR;
				CLANG_WARN_RANGE_LOOP_ANALYSIS = YES;
				CLANG_WARN_STRICT_PROTOTYPES = YES;
				CLANG_WARN_SUSPICIOUS_MOVE = YES;
				CLANG_WARN_UNGUARDED_AVAILABILITY = YES_AGGRESSIVE;
				CLANG_WARN_UNREACHABLE_CODE = YES;
				CLANG_WARN__DUPLICATE_METHOD_MATCH = YES;
				CODE_SIGN_IDENTITY = "iPhone Developer";
				COPY_PHASE_STRIP = NO;
				DEBUG_INFORMATION_FORMAT = "dwarf-with-dsym";
				ENABLE_NS_ASSERTIONS = NO;
				ENABLE_STRICT_OBJC_MSGSEND = YES;
				GCC_C_LANGUAGE_STANDARD = gnu11;
				GCC_NO_COMMON_BLOCKS = YES;
				GCC_WARN_64_TO_32_BIT_CONVERSION = YES;
				GCC_WARN_ABOUT_RETURN_TYPE = YES_ERROR;
				GCC_WARN_UNDECLARED_SELECTOR = YES;
				GCC_WARN_UNINITIALIZED_AUTOS = YES_AGGRESSIVE;
				GCC_WARN_UNUSED_FUNCTION = YES;
				GCC_WARN_UNUSED_VARIABLE = YES;
				IPHONEOS_DEPLOYMENT_TARGET = 11.0;
				MTL_ENABLE_DEBUG_INFO = NO;
				SDKROOT = iphoneos;
				SWIFT_COMPILATION_MODE = wholemodule;
				SWIFT_OPTIMIZATION_LEVEL = "-O";
				VALIDATE_PRODUCT = YES;
			};
			name = Release;
		};
		53DCF7BA218EB2620097FA2C /* Debug */ = {
			isa = XCBuildConfiguration;
			buildSettings = {
				ASSETCATALOG_COMPILER_APPICON_NAME = AppIcon;
				CODE_SIGN_STYLE = Automatic;
				DEVELOPMENT_TEAM = 682H8366LM;
				INFOPLIST_FILE = Aventon/Info.plist;
				LD_RUNPATH_SEARCH_PATHS = (
					"$(inherited)",
					"@executable_path/Frameworks",
				);
				PRODUCT_BUNDLE_IDENTIFIER = mx.danteese.Aventon;
				PRODUCT_NAME = "$(TARGET_NAME)";
				SWIFT_VERSION = 4.0;
				TARGETED_DEVICE_FAMILY = 1;
			};
			name = Debug;
		};
		53DCF7BB218EB2620097FA2C /* Release */ = {
			isa = XCBuildConfiguration;
			buildSettings = {
				ASSETCATALOG_COMPILER_APPICON_NAME = AppIcon;
				CODE_SIGN_STYLE = Automatic;
				DEVELOPMENT_TEAM = 682H8366LM;
				INFOPLIST_FILE = Aventon/Info.plist;
				LD_RUNPATH_SEARCH_PATHS = (
					"$(inherited)",
					"@executable_path/Frameworks",
				);
				PRODUCT_BUNDLE_IDENTIFIER = mx.danteese.Aventon;
				PRODUCT_NAME = "$(TARGET_NAME)";
				SWIFT_VERSION = 4.0;
				TARGETED_DEVICE_FAMILY = 1;
			};
			name = Release;
		};
		53DCF7BD218EB2620097FA2C /* Debug */ = {
			isa = XCBuildConfiguration;
			buildSettings = {
				ALWAYS_EMBED_SWIFT_STANDARD_LIBRARIES = YES;
				BUNDLE_LOADER = "$(TEST_HOST)";
				CODE_SIGN_STYLE = Automatic;
				DEVELOPMENT_TEAM = 682H8366LM;
				INFOPLIST_FILE = AventonTests/Info.plist;
				LD_RUNPATH_SEARCH_PATHS = (
					"$(inherited)",
					"@executable_path/Frameworks",
					"@loader_path/Frameworks",
				);
				PRODUCT_BUNDLE_IDENTIFIER = mx.danteese.AventonTests;
				PRODUCT_NAME = "$(TARGET_NAME)";
				SWIFT_VERSION = 4.0;
				TARGETED_DEVICE_FAMILY = "1,2";
				TEST_HOST = "$(BUILT_PRODUCTS_DIR)/Aventon.app/Aventon";
			};
			name = Debug;
		};
		53DCF7BE218EB2620097FA2C /* Release */ = {
			isa = XCBuildConfiguration;
			buildSettings = {
				ALWAYS_EMBED_SWIFT_STANDARD_LIBRARIES = YES;
				BUNDLE_LOADER = "$(TEST_HOST)";
				CODE_SIGN_STYLE = Automatic;
				DEVELOPMENT_TEAM = 682H8366LM;
				INFOPLIST_FILE = AventonTests/Info.plist;
				LD_RUNPATH_SEARCH_PATHS = (
					"$(inherited)",
					"@executable_path/Frameworks",
					"@loader_path/Frameworks",
				);
				PRODUCT_BUNDLE_IDENTIFIER = mx.danteese.AventonTests;
				PRODUCT_NAME = "$(TARGET_NAME)";
				SWIFT_VERSION = 4.0;
				TARGETED_DEVICE_FAMILY = "1,2";
				TEST_HOST = "$(BUILT_PRODUCTS_DIR)/Aventon.app/Aventon";
			};
			name = Release;
		};
		53DCF7C0218EB2620097FA2C /* Debug */ = {
			isa = XCBuildConfiguration;
			buildSettings = {
				ALWAYS_EMBED_SWIFT_STANDARD_LIBRARIES = YES;
				CODE_SIGN_STYLE = Automatic;
				DEVELOPMENT_TEAM = 682H8366LM;
				INFOPLIST_FILE = AventonUITests/Info.plist;
				LD_RUNPATH_SEARCH_PATHS = (
					"$(inherited)",
					"@executable_path/Frameworks",
					"@loader_path/Frameworks",
				);
				PRODUCT_BUNDLE_IDENTIFIER = mx.danteese.AventonUITests;
				PRODUCT_NAME = "$(TARGET_NAME)";
				SWIFT_VERSION = 4.0;
				TARGETED_DEVICE_FAMILY = "1,2";
				TEST_TARGET_NAME = Aventon;
			};
			name = Debug;
		};
		53DCF7C1218EB2620097FA2C /* Release */ = {
			isa = XCBuildConfiguration;
			buildSettings = {
				ALWAYS_EMBED_SWIFT_STANDARD_LIBRARIES = YES;
				CODE_SIGN_STYLE = Automatic;
				DEVELOPMENT_TEAM = 682H8366LM;
				INFOPLIST_FILE = AventonUITests/Info.plist;
				LD_RUNPATH_SEARCH_PATHS = (
					"$(inherited)",
					"@executable_path/Frameworks",
					"@loader_path/Frameworks",
				);
				PRODUCT_BUNDLE_IDENTIFIER = mx.danteese.AventonUITests;
				PRODUCT_NAME = "$(TARGET_NAME)";
				SWIFT_VERSION = 4.0;
				TARGETED_DEVICE_FAMILY = "1,2";
				TEST_TARGET_NAME = Aventon;
			};
			name = Release;
		};
/* End XCBuildConfiguration section */

/* Begin XCConfigurationList section */
		53DCF78C218EB2600097FA2C /* Build configuration list for PBXProject "Aventon" */ = {
			isa = XCConfigurationList;
			buildConfigurations = (
				53DCF7B7218EB2620097FA2C /* Debug */,
				53DCF7B8218EB2620097FA2C /* Release */,
			);
			defaultConfigurationIsVisible = 0;
			defaultConfigurationName = Release;
		};
		53DCF7B9218EB2620097FA2C /* Build configuration list for PBXNativeTarget "Aventon" */ = {
			isa = XCConfigurationList;
			buildConfigurations = (
				53DCF7BA218EB2620097FA2C /* Debug */,
				53DCF7BB218EB2620097FA2C /* Release */,
			);
			defaultConfigurationIsVisible = 0;
			defaultConfigurationName = Release;
		};
		53DCF7BC218EB2620097FA2C /* Build configuration list for PBXNativeTarget "AventonTests" */ = {
			isa = XCConfigurationList;
			buildConfigurations = (
				53DCF7BD218EB2620097FA2C /* Debug */,
				53DCF7BE218EB2620097FA2C /* Release */,
			);
			defaultConfigurationIsVisible = 0;
			defaultConfigurationName = Release;
		};
		53DCF7BF218EB2620097FA2C /* Build configuration list for PBXNativeTarget "AventonUITests" */ = {
			isa = XCConfigurationList;
			buildConfigurations = (
				53DCF7C0218EB2620097FA2C /* Debug */,
				53DCF7C1218EB2620097FA2C /* Release */,
			);
			defaultConfigurationIsVisible = 0;
			defaultConfigurationName = Release;
		};
/* End XCConfigurationList section */
	};
	rootObject = 53DCF789218EB2600097FA2C /* Project object */;
}
